PODS:
  - Alamofire (4.0.1)
  - AlamofireObjectMapper (4.0.0):
    - Alamofire (~> 4.0)
    - ObjectMapper (~> 2.0)
  - Mixpanel-swift (2.1.1)
  - ObjectMapper (2.2.1)
  - RxCocoa (3.0.1):
    - RxSwift (~> 3.0)
  - RxDataSources (1.0.0):
    - RxCocoa (~> 3.0)
    - RxSwift (~> 3.0)
  - RxSwift (3.0.1)
  - Swinject (2.0.0-beta.2)
  - SwinjectStoryboard (1.0.0-beta.2):
    - Swinject (= 2.0.0-beta.2)

DEPENDENCIES:
  - Alamofire (~> 4.0)
  - AlamofireObjectMapper (~> 4.0)
  - Mixpanel-swift
  - RxCocoa (~> 3.0)
  - RxDataSources (~> 1.0)
  - RxSwift (~> 3.0)
  - Swinject (= 2.0.0-beta.2)
  - SwinjectStoryboard (= 1.0.0-beta.2)

SPEC CHECKSUMS:
  Alamofire: 7682d43245de14874acd142ec137b144aa1dd335
  AlamofireObjectMapper: 9faa3ce5a240efda1b209009a2d6e1e949227abc
  Mixpanel-swift: 49966d4beec714aee3a026d39085b62b26eca081
  ObjectMapper: 41e43e1a89f8060ef5ea5d04ba852e269a621d68
  RxCocoa: 15a52fc590dcc700cb4a690a633b5c5184ce3a78
  RxDataSources: 824693e84d00781d0a5e5cedc1ff95ce9250aacd
  RxSwift: af5680055c4ad04480189c52d28385b1029493a6
  Swinject: 69a893192efa9f2cc44be79ef423d04d571b6af9
  SwinjectStoryboard: b52b45821a50386ef604c3cd098f8029a50a268d

PODFILE CHECKSUM: 5623a0a6748760ba509c3c6f5ad6b9e30f1f2d18

COCOAPODS: 1.1.1
